Microsoft Visual Studio Solution File, Format Version 12.00
# Visual Studio Version 17
VisualStudioVersion = 17.0.31903.59
MinimumVisualStudioVersion = 10.0.40219.1
Project("{9A19103F-16F7-4668-BE54-9A1E7A4F7556}") = "ShipRateCalculator.Domain", "src\ShipRateCalculator.Domain\ShipRateCalculator.Domain.csproj", "{FD483B10-2734-4ED3-A308-408DD7CC247F}"
EndProject
Project("{9A19103F-16F7-4668-BE54-9A1E7A4F7556}") = "ShipRateCalculator.Data", "src\ShipRateCalculator.Data\ShipRateCalculator.Data.csproj", "{83825B4F-B966-4DD6-9874-B875DBEEC3C0}"
EndProject
Project("{9A19103F-16F7-4668-BE54-9A1E7A4F7556}") = "ShipRateCalculator.Business", "src\ShipRateCalculator.Business\ShipRateCalculator.Business.csproj", "{D3922B41-C714-4412-90FD-A94153C38068}"
EndProject
Project("{9A19103F-16F7-4668-BE54-9A1E7A4F7556}") = "ShipRateCalculator.Web", "src\ShipRateCalculator.Web\ShipRateCalculator.Web.csproj", "{1D1561D5-70ED-4211-87EE-36F39CE06178}"
EndProject
Project("{2150E333-8FDC-42A3-9474-1A3956D46DE8}") = "Core", "Core", "{02EA681E-C7D8-13C7-8484-4AC65E1B71E8}"
EndProject
Project("{2150E333-8FDC-42A3-9474-1A3956D46DE8}") = "Infraestructura", "Infraestructura", "{93C5DAF6-350E-4796-A9F7-FA1F1CEBE9F0}"
EndProject
Project("{2150E333-8FDC-42A3-9474-1A3956D46DE8}") = "Presentacion", "Presentacion", "{238EC16D-B737-46D9-B561-B79400596C97}"
EndProject
Global
	GlobalSection(SolutionConfigurationPlatforms) = preSolution
		Debug|Any CPU = Debug|Any CPU
		Release|Any CPU = Release|Any CPU
	EndGlobalSection
	GlobalSection(ProjectConfigurationPlatforms) = postSolution
		{FD483B10-2734-4ED3-A308-408DD7CC247F}.Debug|Any CPU.ActiveCfg = Debug|Any CPU
		{FD483B10-2734-4ED3-A308-408DD7CC247F}.Debug|Any CPU.Build.0 = Debug|Any CPU
		{FD483B10-2734-4ED3-A308-408DD7CC247F}.Release|Any CPU.ActiveCfg = Release|Any CPU
		{FD483B10-2734-4ED3-A308-408DD7CC247F}.Release|Any CPU.Build.0 = Release|Any CPU
		{83825B4F-B966-4DD6-9874-B875DBEEC3C0}.Debug|Any CPU.ActiveCfg = Debug|Any CPU
		{83825B4F-B966-4DD6-9874-B875DBEEC3C0}.Debug|Any CPU.Build.0 = Debug|Any CPU
		{83825B4F-B966-4DD6-9874-B875DBEEC3C0}.Release|Any CPU.ActiveCfg = Release|Any CPU
		{83825B4F-B966-4DD6-9874-B875DBEEC3C0}.Release|Any CPU.Build.0 = Release|Any CPU
		{D3922B41-C714-4412-90FD-A94153C38068}.Debug|Any CPU.ActiveCfg = Debug|Any CPU
		{D3922B41-C714-4412-90FD-A94153C38068}.Debug|Any CPU.Build.0 = Debug|Any CPU
		{D3922B41-C714-4412-90FD-A94153C38068}.Release|Any CPU.ActiveCfg = Release|Any CPU
		{D3922B41-C714-4412-90FD-A94153C38068}.Release|Any CPU.Build.0 = Release|Any CPU
		{1D1561D5-70ED-4211-87EE-36F39CE06178}.Debug|Any CPU.ActiveCfg = Debug|Any CPU
		{1D1561D5-70ED-4211-87EE-36F39CE06178}.Debug|Any CPU.Build.0 = Debug|Any CPU
		{1D1561D5-70ED-4211-87EE-36F39CE06178}.Release|Any CPU.ActiveCfg = Release|Any CPU
		{1D1561D5-70ED-4211-87EE-36F39CE06178}.Release|Any CPU.Build.0 = Release|Any CPU
	EndGlobalSection
	GlobalSection(SolutionProperties) = preSolution
		HideSolutionNode = FALSE
	EndGlobalSection
	GlobalSection(NestedProjects) = preSolution
		{FD483B10-2734-4ED3-A308-408DD7CC247F} = {02EA681E-C7D8-13C7-8484-4AC65E1B71E8}
		{83825B4F-B966-4DD6-9874-B875DBEEC3C0} = {93C5DAF6-350E-4796-A9F7-FA1F1CEBE9F0}
		{D3922B41-C714-4412-90FD-A94153C38068} = {02EA681E-C7D8-13C7-8484-4AC65E1B71E8}
		{1D1561D5-70ED-4211-87EE-36F39CE06178} = {238EC16D-B737-46D9-B561-B79400596C97}
	EndGlobalSection
	GlobalSection(ExtensibilityGlobals) = postSolution
		SolutionGuid = {F60C84EE-0D3E-4325-96F5-1E6B4672DEAE}
	EndGlobalSection
EndGlobal
